github.com/u123456t/exercise/chef v0.0.0-20230712093549-7d0f776b6a27 h1:nIpQeO3pIIPmMcwS4M0ji5oQaVkGnBbyapLmPZCYygs=
github.com/u123456t/exercise/chef v0.0.0-20230712093549-7d0f776b6a27/go.mod h1:AuGoCJLYiCsaku1zPz98NK+IpKL8Qqswv9iUGui/4uY=
github.com/u123456t/exercise/order v0.0.0-20230712093549-7d0f776b6a27 h1:NcwJ3DuifWMuRFNE6OlJDGJFQO0jYivdzEQKJbVK5s8=
github.com/u123456t/exercise/order v0.0.0-20230712093549-7d0f776b6a27/go.mod h1:2Mw87e9nKgFykta5gEVXPQh2OmAhzpdVfX3hqo07Viw=
